
Microsoft Visual Studio Solution File, Format Version 11.00
# Visual Studio 2010
Project("{FAE04EC0-301F-11D3-BF4B-00C04F79EFBC}") = "Assembly-CSharp", "Assembly-CSharp.csproj", "{8932f0ff-77cd-590c-270b-63a96b4fe3f5}"
EndProject
Project("{FAE04EC0-301F-11D3-BF4B-00C04F79EFBC}") = "Assembly-CSharp-firstpass", "Assembly-CSharp-firstpass.csproj", "{4ea9321f-81d7-4548-528d-ce17a487f68b}"
EndProject
Global
	GlobalSection(SolutionConfigurationPlatforms) = preSolution
		Debug|Any CPU = Debug|Any CPU
	EndGlobalSection
	GlobalSection(ProjectConfigurationPlatforms) = postSolution
		{8932f0ff-77cd-590c-270b-63a96b4fe3f5}.Debug|Any CPU.ActiveCfg = Debug|Any CPU
		{8932f0ff-77cd-590c-270b-63a96b4fe3f5}.Debug|Any CPU.Build.0 = Debug|Any CPU
		{4ea9321f-81d7-4548-528d-ce17a487f68b}.Debug|Any CPU.ActiveCfg = Debug|Any CPU
		{4ea9321f-81d7-4548-528d-ce17a487f68b}.Debug|Any CPU.Build.0 = Debug|Any CPU
	EndGlobalSection
	GlobalSection(SolutionProperties) = preSolution
		HideSolutionNode = FALSE
	EndGlobalSection
EndGlobal
